<?xml version="1.0" encoding="utf-8"?>
<Project ToolsVersion="4.0" xmlns="http://schemas.microsoft.com/developer/msbuild/2003">
  <ItemGroup>
    <ClCompile Include=".\AntiTenProtect.c">
      <Filter>AntiTenProtect</Filter>
    </ClCompile>
    <ClCompile Include=".\AntiTenProtect.h">
      <Filter>AntiTenProtect</Filter>
    </ClCompile>
    <ClCompile Include="Ntos.c">
      <Filter>Ntos</Filter>
    </ClCompile>
    <ClCompile Include="ldasm.c">
      <Filter>ldasm</Filter>
    </ClCompile>
    <ClCompile Include="KernelReload.c">
      <Filter>KernelReload</Filter>
    </ClCompile>
    <ClCompile Include="Fixrelocation.c">
      <Filter>Fixrelocation</Filter>
    </ClCompile>
    <ClCompile Include="FileSystem.c">
      <Filter>Filesystem</Filter>
    </ClCompile>
    <ClCompile Include="CommonFunc.c">
      <Filter>CommonFunc</Filter>
    </ClCompile>
    <ClCompile Include="WindowsVersion.c">
      <Filter>WindosVersion</Filter>
    </ClCompile>
    <ClCompile Include="DbgkObj.c">
      <Filter>DbgkObj</Filter>
    </ClCompile>
    <ClCompile Include="Ke.c">
      <Filter>Ke</Filter>
    </ClCompile>
    <ClCompile Include="Exinit.c">
      <Filter>Exinit</Filter>
    </ClCompile>
    <ClCompile Include="ObMgr.c">
      <Filter>ObMgr</Filter>
    </ClCompile>
    <ClCompile Include="PsProcessThread.c">
      <Filter>PsProcessThread</Filter>
    </ClCompile>
  </ItemGroup>
  <ItemGroup>
    <Filter Include="AntiTenProtect">
      <UniqueIdentifier>{d8bf5dfe-e274-4e0d-9244-a718f6581646}</UniqueIdentifier>
    </Filter>
    <Filter Include="Ntos">
      <UniqueIdentifier>{1f91d96f-a52d-492f-abe7-60b030cb4b16}</UniqueIdentifier>
    </Filter>
    <Filter Include="ldasm">
      <UniqueIdentifier>{e682742a-419f-4f43-bea5-d4a27827f3d2}</UniqueIdentifier>
    </Filter>
    <Filter Include="KernelReload">
      <UniqueIdentifier>{09965207-5a4f-4384-981c-8cff7ff620e5}</UniqueIdentifier>
    </Filter>
    <Filter Include="Fixrelocation">
      <UniqueIdentifier>{11e7be7c-a3a8-40ed-a233-660e49f7e057}</UniqueIdentifier>
    </Filter>
    <Filter Include="Filesystem">
      <UniqueIdentifier>{57671925-558d-4065-a32e-c5b5041d4199}</UniqueIdentifier>
    </Filter>
    <Filter Include="CommonFunc">
      <UniqueIdentifier>{eef257f6-811f-402d-8916-f67f7ad4a0e3}</UniqueIdentifier>
    </Filter>
    <Filter Include="WindosVersion">
      <UniqueIdentifier>{14d917fe-b262-4ab5-ac1d-41317978b972}</UniqueIdentifier>
    </Filter>
    <Filter Include="DbgkObj">
      <UniqueIdentifier>{e745504e-22bb-46e5-9e48-63e63224b64b}</UniqueIdentifier>
    </Filter>
    <Filter Include="Ke">
      <UniqueIdentifier>{f182c2c9-84f1-472f-ac77-0c8f335ca5d6}</UniqueIdentifier>
    </Filter>
    <Filter Include="Exinit">
      <UniqueIdentifier>{598aa1c6-0c38-485a-b2c1-2c1204287d36}</UniqueIdentifier>
    </Filter>
    <Filter Include="ObMgr">
      <UniqueIdentifier>{3f43b6e0-042f-4b5b-9ff1-1f96c752ec2e}</UniqueIdentifier>
    </Filter>
    <Filter Include="PsProcessThread">
      <UniqueIdentifier>{0e810a07-d16d-4649-a6b9-22ee7b1b68aa}</UniqueIdentifier>
    </Filter>
  </ItemGroup>
  <ItemGroup>
    <ClInclude Include="struct.h" />
    <ClInclude Include="Ntos.h">
      <Filter>Ntos</Filter>
    </ClInclude>
    <ClInclude Include="ldasm.h">
      <Filter>ldasm</Filter>
    </ClInclude>
    <ClInclude Include="KernelReload.h">
      <Filter>KernelReload</Filter>
    </ClInclude>
    <ClInclude Include="Fixrelocation.h">
      <Filter>Fixrelocation</Filter>
    </ClInclude>
    <ClInclude Include="FileSystem.h">
      <Filter>Filesystem</Filter>
    </ClInclude>
    <ClInclude Include="CommonFunc.h">
      <Filter>CommonFunc</Filter>
    </ClInclude>
    <ClInclude Include="WindowsVersion.h">
      <Filter>WindosVersion</Filter>
    </ClInclude>
    <ClInclude Include="DbgkObj.h">
      <Filter>DbgkObj</Filter>
    </ClInclude>
    <ClInclude Include="Ke.h">
      <Filter>Ke</Filter>
    </ClInclude>
    <ClInclude Include="Exinit.h">
      <Filter>Exinit</Filter>
    </ClInclude>
    <ClInclude Include="ObMgr.h">
      <Filter>ObMgr</Filter>
    </ClInclude>
    <ClInclude Include="FuncAddress.h" />
    <ClInclude Include="PsProcessThread.h">
      <Filter>PsProcessThread</Filter>
    </ClInclude>
  </ItemGroup>
</Project>